
Microsoft Visual Studio Solution File, Format Version 12.00
# Visual Studio Version 17
VisualStudioVersion = 17.0.32112.339
MinimumVisualStudioVersion = 10.0.40219.1
Project("{FAE04EC0-301F-11D3-BF4B-00C04F79EFBC}") = "ExercicioOrientadoAObjeto2", "ExercicioOrientadoAObjeto2\ExercicioOrientadoAObjeto2.csproj", "{CF47B0FB-5584-4F0A-9B8E-DF6003F069FF}"
EndProject
Global
	GlobalSection(SolutionConfigurationPlatforms) = preSolution
		Debug|Any CPU = Debug|Any CPU
		Release|Any CPU = Release|Any CPU
	EndGlobalSection
	GlobalSection(ProjectConfigurationPlatforms) = postSolution
		{CF47B0FB-5584-4F0A-9B8E-DF6003F069FF}.Debug|Any CPU.ActiveCfg = Debug|Any CPU
		{CF47B0FB-5584-4F0A-9B8E-DF6003F069FF}.Debug|Any CPU.Build.0 = Debug|Any CPU
		{CF47B0FB-5584-4F0A-9B8E-DF6003F069FF}.Release|Any CPU.ActiveCfg = Release|Any CPU
		{CF47B0FB-5584-4F0A-9B8E-DF6003F069FF}.Release|Any CPU.Build.0 = Release|Any CPU
	EndGlobalSection
	GlobalSection(SolutionProperties) = preSolution
		HideSolutionNode = FALSE
	EndGlobalSection
	GlobalSection(ExtensibilityGlobals) = postSolution
		SolutionGuid = {9EFBB156-7DAF-45F5-9932-B28F6BCE7F2A}
	EndGlobalSection
EndGlobal
