
Microsoft Visual Studio Solution File, Format Version 12.00
# Visual Studio Version 17
VisualStudioVersion = 17.0.32112.339
MinimumVisualStudioVersion = 10.0.40219.1
Project("{FAE04EC0-301F-11D3-BF4B-00C04F79EFBC}") = "Funcionario2", "Funcionario2\Funcionario2.csproj", "{9D3E13E7-BE82-4B42-89EB-C009215B86DF}"
EndProject
Global
	GlobalSection(SolutionConfigurationPlatforms) = preSolution
		Debug|Any CPU = Debug|Any CPU
		Release|Any CPU = Release|Any CPU
	EndGlobalSection
	GlobalSection(ProjectConfigurationPlatforms) = postSolution
		{9D3E13E7-BE82-4B42-89EB-C009215B86DF}.Debug|Any CPU.ActiveCfg = Debug|Any CPU
		{9D3E13E7-BE82-4B42-89EB-C009215B86DF}.Debug|Any CPU.Build.0 = Debug|Any CPU
		{9D3E13E7-BE82-4B42-89EB-C009215B86DF}.Release|Any CPU.ActiveCfg = Release|Any CPU
		{9D3E13E7-BE82-4B42-89EB-C009215B86DF}.Release|Any CPU.Build.0 = Release|Any CPU
	EndGlobalSection
	GlobalSection(SolutionProperties) = preSolution
		HideSolutionNode = FALSE
	EndGlobalSection
	GlobalSection(ExtensibilityGlobals) = postSolution
		SolutionGuid = {CEAC5A7B-8EBC-460B-AABE-471EE51C8D64}
	EndGlobalSection
EndGlobal
